
Microsoft Visual Studio Solution File, Format Version 12.00
# Visual Studio Version 17
VisualStudioVersion = 17.0.31903.59
MinimumVisualStudioVersion = 10.0.40219.1
Project("{FAE04EC0-301F-11D3-BF4B-00C04F79EFBC}") = "KeyStoreApi", "KeyStoreApi\KeyStoreApi.csproj", "{57FBA3F3-0479-487D-978E-083BAF1B73F8}"
EndProject
Project("{FAE04EC0-301F-11D3-BF4B-00C04F79EFBC}") = "KeyStoreApi.Tests", "KeyStoreApi.Tests\KeyStoreApi.Tests.csproj", "{21B568E8-2490-4B18-86E8-98BAAD2B9254}"
EndProject
Global
	GlobalSection(SolutionConfigurationPlatforms) = preSolution
		Debug|Any CPU = Debug|Any CPU
		Release|Any CPU = Release|Any CPU
	EndGlobalSection
	GlobalSection(SolutionProperties) = preSolution
		HideSolutionNode = FALSE
	EndGlobalSection
	GlobalSection(ProjectConfigurationPlatforms) = postSolution
		{57FBA3F3-0479-487D-978E-083BAF1B73F8}.Debug|Any CPU.ActiveCfg = Debug|Any CPU
		{57FBA3F3-0479-487D-978E-083BAF1B73F8}.Debug|Any CPU.Build.0 = Debug|Any CPU
		{57FBA3F3-0479-487D-978E-083BAF1B73F8}.Release|Any CPU.ActiveCfg = Release|Any CPU
		{57FBA3F3-0479-487D-978E-083BAF1B73F8}.Release|Any CPU.Build.0 = Release|Any CPU
		{21B568E8-2490-4B18-86E8-98BAAD2B9254}.Debug|Any CPU.ActiveCfg = Debug|Any CPU
		{21B568E8-2490-4B18-86E8-98BAAD2B9254}.Debug|Any CPU.Build.0 = Debug|Any CPU
		{21B568E8-2490-4B18-86E8-98BAAD2B9254}.Release|Any CPU.ActiveCfg = Release|Any CPU
		{21B568E8-2490-4B18-86E8-98BAAD2B9254}.Release|Any CPU.Build.0 = Release|Any CPU
	EndGlobalSection
EndGlobal
